
Microsoft Visual Studio Solution File, Format Version 12.00
# Visual Studio Version 16
VisualStudioVersion = 16.0.32106.194
MinimumVisualStudioVersion = 10.0.40219.1
Project("{FAE04EC0-301F-11D3-BF4B-00C04F79EFBC}") = "PageObject", "PageObject\PageObject.csproj", "{5E2193E7-0D77-4E7B-A9A9-9F2EFA73EA56}"
EndProject
Global
	GlobalSection(SolutionConfigurationPlatforms) = preSolution
		Debug|Any CPU = Debug|Any CPU
		Release|Any CPU = Release|Any CPU
	EndGlobalSection
	GlobalSection(ProjectConfigurationPlatforms) = postSolution
		{5E2193E7-0D77-4E7B-A9A9-9F2EFA73EA56}.Debug|Any CPU.ActiveCfg = Debug|Any CPU
		{5E2193E7-0D77-4E7B-A9A9-9F2EFA73EA56}.Debug|Any CPU.Build.0 = Debug|Any CPU
		{5E2193E7-0D77-4E7B-A9A9-9F2EFA73EA56}.Release|Any CPU.ActiveCfg = Release|Any CPU
		{5E2193E7-0D77-4E7B-A9A9-9F2EFA73EA56}.Release|Any CPU.Build.0 = Release|Any CPU
	EndGlobalSection
	GlobalSection(SolutionProperties) = preSolution
		HideSolutionNode = FALSE
	EndGlobalSection
	GlobalSection(ExtensibilityGlobals) = postSolution
		SolutionGuid = {8C8D513F-2D71-4CA4-9969-91CC7DD8BAF6}
	EndGlobalSection
EndGlobal
